
Microsoft Visual Studio Solution File, Format Version 12.00
# Visual Studio Version 17
VisualStudioVersion = 17.9.34714.143
MinimumVisualStudioVersion = 10.0.40219.1
Project("{2150E333-8FDC-42A3-9474-1A3956D46DE8}") = "src", "src", "{2D2F1FDD-FCBF-4B2A-9049-7D3CC94F8386}"
EndProject
Project("{2150E333-8FDC-42A3-9474-1A3956D46DE8}") = "test", "test", "{CC3FE867-E915-4FE7-9EE9-8C0562B6D79A}"
EndProject
Project("{2150E333-8FDC-42A3-9474-1A3956D46DE8}") = "Core", "Core", "{CFD0A4C0-78BF-4B85-AC8C-178A33AE3980}"
EndProject
Project("{2150E333-8FDC-42A3-9474-1A3956D46DE8}") = "Infrastructure", "Infrastructure", "{3E6A44FD-77BB-46CF-A166-2C224B999E14}"
EndProject
Project("{2150E333-8FDC-42A3-9474-1A3956D46DE8}") = "UI", "UI", "{F6534D13-A7E8-4C19-9E57-DC38141040FB}"
EndProject
Project("{2150E333-8FDC-42A3-9474-1A3956D46DE8}") = "API", "API", "{1E9BE3FF-E61E-47DE-9460-6EBE93659FFB}"
EndProject
Project("{9A19103F-16F7-4668-BE54-9A1E7A4F7556}") = "LeaveManagement.Domain", "LeaveManagement.Domain\LeaveManagement.Domain.csproj", "{0C77775C-AF49-454C-87FB-56F71EEE9AC2}"
EndProject
Project("{9A19103F-16F7-4668-BE54-9A1E7A4F7556}") = "LeaveManagement.Application", "LeaveManagement.Application\LeaveManagement.Application.csproj", "{B407B316-F740-4673-AD3D-FECC1C7A570C}"
EndProject
Project("{9A19103F-16F7-4668-BE54-9A1E7A4F7556}") = "LeaveManagement.API", "LeaveManagement.API\LeaveManagement.API.csproj", "{B7E0D71C-5D8A-4040-ABCC-7030D0FB8172}"
EndProject
Project("{9A19103F-16F7-4668-BE54-9A1E7A4F7556}") = "LeaveManagement.Infrastructure", "LeaveManagement.Infrastructure\LeaveManagement.Infrastructure.csproj", "{5C0DB8E1-76FE-452D-81CB-2BFBD4981449}"
EndProject
Project("{9A19103F-16F7-4668-BE54-9A1E7A4F7556}") = "LeaveManagementApplicationUnitTests", "LeaveManagementApplicationUnitTests\LeaveManagementApplicationUnitTests.csproj", "{24CD854D-6541-4D04-BE91-3E0F3F35F92D}"
EndProject
Project("{2150E333-8FDC-42A3-9474-1A3956D46DE8}") = "Shared", "Shared", "{9B9A8F6E-2968-4960-B057-0C1E2A0498D3}"
EndProject
Project("{FAE04EC0-301F-11D3-BF4B-00C04F79EFBC}") = "Shared", "Shared\Shared.csproj", "{6B3D3B29-DABD-4311-8D5A-FFFD7E0A1D24}"
EndProject
Project("{2150E333-8FDC-42A3-9474-1A3956D46DE8}") = "Identity", "Identity", "{A80FC6FD-481A-46AE-9F82-0B03B0E2D9A3}"
EndProject
Project("{FAE04EC0-301F-11D3-BF4B-00C04F79EFBC}") = "Identity", "Identity\Identity.csproj", "{88B187A3-AFAC-4CEA-8C61-C1D415816E74}"
EndProject
Global
	GlobalSection(SolutionConfigurationPlatforms) = preSolution
		Debug|Any CPU = Debug|Any CPU
		Release|Any CPU = Release|Any CPU
	EndGlobalSection
	GlobalSection(ProjectConfigurationPlatforms) = postSolution
		{0C77775C-AF49-454C-87FB-56F71EEE9AC2}.Debug|Any CPU.ActiveCfg = Debug|Any CPU
		{0C77775C-AF49-454C-87FB-56F71EEE9AC2}.Debug|Any CPU.Build.0 = Debug|Any CPU
		{0C77775C-AF49-454C-87FB-56F71EEE9AC2}.Release|Any CPU.ActiveCfg = Release|Any CPU
		{0C77775C-AF49-454C-87FB-56F71EEE9AC2}.Release|Any CPU.Build.0 = Release|Any CPU
		{B407B316-F740-4673-AD3D-FECC1C7A570C}.Debug|Any CPU.ActiveCfg = Debug|Any CPU
		{B407B316-F740-4673-AD3D-FECC1C7A570C}.Debug|Any CPU.Build.0 = Debug|Any CPU
		{B407B316-F740-4673-AD3D-FECC1C7A570C}.Release|Any CPU.ActiveCfg = Release|Any CPU
		{B407B316-F740-4673-AD3D-FECC1C7A570C}.Release|Any CPU.Build.0 = Release|Any CPU
		{B7E0D71C-5D8A-4040-ABCC-7030D0FB8172}.Debug|Any CPU.ActiveCfg = Debug|Any CPU
		{B7E0D71C-5D8A-4040-ABCC-7030D0FB8172}.Debug|Any CPU.Build.0 = Debug|Any CPU
		{B7E0D71C-5D8A-4040-ABCC-7030D0FB8172}.Release|Any CPU.ActiveCfg = Release|Any CPU
		{B7E0D71C-5D8A-4040-ABCC-7030D0FB8172}.Release|Any CPU.Build.0 = Release|Any CPU
		{5C0DB8E1-76FE-452D-81CB-2BFBD4981449}.Debug|Any CPU.ActiveCfg = Debug|Any CPU
		{5C0DB8E1-76FE-452D-81CB-2BFBD4981449}.Debug|Any CPU.Build.0 = Debug|Any CPU
		{5C0DB8E1-76FE-452D-81CB-2BFBD4981449}.Release|Any CPU.ActiveCfg = Release|Any CPU
		{5C0DB8E1-76FE-452D-81CB-2BFBD4981449}.Release|Any CPU.Build.0 = Release|Any CPU
		{24CD854D-6541-4D04-BE91-3E0F3F35F92D}.Debug|Any CPU.ActiveCfg = Debug|Any CPU
		{24CD854D-6541-4D04-BE91-3E0F3F35F92D}.Debug|Any CPU.Build.0 = Debug|Any CPU
		{24CD854D-6541-4D04-BE91-3E0F3F35F92D}.Release|Any CPU.ActiveCfg = Release|Any CPU
		{24CD854D-6541-4D04-BE91-3E0F3F35F92D}.Release|Any CPU.Build.0 = Release|Any CPU
		{6B3D3B29-DABD-4311-8D5A-FFFD7E0A1D24}.Debug|Any CPU.ActiveCfg = Debug|Any CPU
		{6B3D3B29-DABD-4311-8D5A-FFFD7E0A1D24}.Debug|Any CPU.Build.0 = Debug|Any CPU
		{6B3D3B29-DABD-4311-8D5A-FFFD7E0A1D24}.Release|Any CPU.ActiveCfg = Release|Any CPU
		{6B3D3B29-DABD-4311-8D5A-FFFD7E0A1D24}.Release|Any CPU.Build.0 = Release|Any CPU
		{88B187A3-AFAC-4CEA-8C61-C1D415816E74}.Debug|Any CPU.ActiveCfg = Debug|Any CPU
		{88B187A3-AFAC-4CEA-8C61-C1D415816E74}.Debug|Any CPU.Build.0 = Debug|Any CPU
		{88B187A3-AFAC-4CEA-8C61-C1D415816E74}.Release|Any CPU.ActiveCfg = Release|Any CPU
		{88B187A3-AFAC-4CEA-8C61-C1D415816E74}.Release|Any CPU.Build.0 = Release|Any CPU
	EndGlobalSection
	GlobalSection(SolutionProperties) = preSolution
		HideSolutionNode = FALSE
	EndGlobalSection
	GlobalSection(NestedProjects) = preSolution
		{CC3FE867-E915-4FE7-9EE9-8C0562B6D79A} = {2D2F1FDD-FCBF-4B2A-9049-7D3CC94F8386}
		{CFD0A4C0-78BF-4B85-AC8C-178A33AE3980} = {2D2F1FDD-FCBF-4B2A-9049-7D3CC94F8386}
		{3E6A44FD-77BB-46CF-A166-2C224B999E14} = {2D2F1FDD-FCBF-4B2A-9049-7D3CC94F8386}
		{F6534D13-A7E8-4C19-9E57-DC38141040FB} = {2D2F1FDD-FCBF-4B2A-9049-7D3CC94F8386}
		{1E9BE3FF-E61E-47DE-9460-6EBE93659FFB} = {2D2F1FDD-FCBF-4B2A-9049-7D3CC94F8386}
		{0C77775C-AF49-454C-87FB-56F71EEE9AC2} = {CFD0A4C0-78BF-4B85-AC8C-178A33AE3980}
		{B407B316-F740-4673-AD3D-FECC1C7A570C} = {CFD0A4C0-78BF-4B85-AC8C-178A33AE3980}
		{B7E0D71C-5D8A-4040-ABCC-7030D0FB8172} = {1E9BE3FF-E61E-47DE-9460-6EBE93659FFB}
		{5C0DB8E1-76FE-452D-81CB-2BFBD4981449} = {3E6A44FD-77BB-46CF-A166-2C224B999E14}
		{24CD854D-6541-4D04-BE91-3E0F3F35F92D} = {CC3FE867-E915-4FE7-9EE9-8C0562B6D79A}
		{9B9A8F6E-2968-4960-B057-0C1E2A0498D3} = {2D2F1FDD-FCBF-4B2A-9049-7D3CC94F8386}
		{6B3D3B29-DABD-4311-8D5A-FFFD7E0A1D24} = {9B9A8F6E-2968-4960-B057-0C1E2A0498D3}
		{A80FC6FD-481A-46AE-9F82-0B03B0E2D9A3} = {2D2F1FDD-FCBF-4B2A-9049-7D3CC94F8386}
		{88B187A3-AFAC-4CEA-8C61-C1D415816E74} = {A80FC6FD-481A-46AE-9F82-0B03B0E2D9A3}
	EndGlobalSection
	GlobalSection(ExtensibilityGlobals) = postSolution
		SolutionGuid = {46E45EB7-1AFF-4C02-BDC0-4C77372643EA}
	EndGlobalSection
EndGlobal
